
Microsoft Visual Studio Solution File, Format Version 12.00
# Visual Studio 15
VisualStudioVersion = 15.0.27004.2010
MinimumVisualStudioVersion = 10.0.40219.1
Project("{2150E333-8FDC-42A3-9474-1A3956D46DE8}") = ".Solution Items", ".Solution Items", "{568C6A8E-A6AC-4A00-BDA0-F8BDA498A365}"
	ProjectSection(SolutionItems) = preProject
		.gitignore = .gitignore
		nuget.config = nuget.config
		README.md = README.md
	EndProjectSection
EndProject
Project("{2150E333-8FDC-42A3-9474-1A3956D46DE8}") = "Feature.Compare", "Feature.Compare", "{98E7E289-9305-497A-B6A4-F10050336002}"
EndProject
Project("{2150E333-8FDC-42A3-9474-1A3956D46DE8}") = "Engine", "Engine", "{B454B22B-73FD-4BA7-8D48-21653C42226D}"
EndProject
Project("{2150E333-8FDC-42A3-9474-1A3956D46DE8}") = "Project.Commerce", "Project.Commerce", "{5AA9BFF2-9CA0-472F-BBA6-306BDE978318}"
EndProject
Project("{2150E333-8FDC-42A3-9474-1A3956D46DE8}") = "1. Foundation", "1. Foundation", "{8FECF47C-D23E-4CA4-8AA2-0A5D0EECDA36}"
EndProject
Project("{2150E333-8FDC-42A3-9474-1A3956D46DE8}") = "2. Feature", "2. Feature", "{ABDDD414-A742-4F19-A1F4-06D9D0E07501}"
EndProject
Project("{2150E333-8FDC-42A3-9474-1A3956D46DE8}") = "3. Project", "3. Project", "{A08B8D71-0A0E-4CE0-887A-3A7776EE435A}"
EndProject
Project("{2150E333-8FDC-42A3-9474-1A3956D46DE8}") = "Feature.Sample", "Feature.Sample", "{27295EFA-C61D-4901-BEDE-DBD3E3ADB992}"
EndProject
Project("{2150E333-8FDC-42A3-9474-1A3956D46DE8}") = "Serialisation", "Serialisation", "{7CBB3312-D263-4E17-9DBF-1288DF6BC78A}"
EndProject
Project("{2150E333-8FDC-42A3-9474-1A3956D46DE8}") = "Website", "Website", "{BBA8E6FB-FD76-49F7-8339-6F69F09E2F1A}"
EndProject
Project("{9A19103F-16F7-4668-BE54-9A1E7A4F7556}") = "Sitecore.Commerce.Engine", "3. Project\Project.Commerce\Sitecore.Commerce.Engine\Sitecore.Commerce.Engine.csproj", "{64130C81-FF1E-4B00-8AD9-7B8430C72259}"
EndProject
Project("{9A19103F-16F7-4668-BE54-9A1E7A4F7556}") = "Plugin.Sample.AdventureWorks", "2. Feature\Feature.Sample\Plugin.Sample.AdventureWorks\Plugin.Sample.AdventureWorks.csproj", "{0BD61756-92A8-4CFF-A916-6AC7FAC66BF5}"
EndProject
Project("{9A19103F-16F7-4668-BE54-9A1E7A4F7556}") = "Plugin.Sample.Customers.CsMigration", "2. Feature\Feature.Sample\Plugin.Sample.Customers.CsMigration\Plugin.Sample.Customers.CsMigration.csproj", "{58C45DFD-BE79-41DA-86CF-AABF861BBDFC}"
EndProject
Project("{9A19103F-16F7-4668-BE54-9A1E7A4F7556}") = "Plugin.Sample.Habitat", "2. Feature\Feature.Sample\Plugin.Sample.Habitat\Plugin.Sample.Habitat.csproj", "{30845800-BC54-44FB-8645-AFFB0BA66965}"
EndProject
Project("{9A19103F-16F7-4668-BE54-9A1E7A4F7556}") = "Plugin.Sample.Payments.Braintree", "2. Feature\Feature.Sample\Plugin.Sample.Payments.Braintree\Plugin.Sample.Payments.Braintree.csproj", "{F4427B4B-8338-4EFF-AD66-8C097189FACB}"
EndProject
Project("{2150E333-8FDC-42A3-9474-1A3956D46DE8}") = "Foundation.ServiceProxy", "Foundation.ServiceProxy", "{BB1F8DD9-410B-4F8F-9323-0B4EFFC3CE79}"
EndProject
Project("{9A19103F-16F7-4668-BE54-9A1E7A4F7556}") = "Sitecore.Commerce.ServiceProxy", "1. Foundation\Foundation.ServiceProxy\Sitecore.Commerce.ServiceProxy\Sitecore.Commerce.ServiceProxy.csproj", "{99ED5D0F-2499-47B6-8BFA-7C6824335D05}"
EndProject
Project("{2150E333-8FDC-42A3-9474-1A3956D46DE8}") = "Tests", "Tests", "{2EB09870-F6C4-40B8-A2B8-71B8A578A0C8}"
EndProject
Project("{9A19103F-16F7-4668-BE54-9A1E7A4F7556}") = "Feature.Compare.Engine.Tests", "2. Feature\Feature.Compare\Tests\Feature.Compare.Engine.Tests\Feature.Compare.Engine.Tests.csproj", "{606E86BD-8E2B-4108-BDB2-947E8E6B1490}"
EndProject
Project("{9A19103F-16F7-4668-BE54-9A1E7A4F7556}") = "Feature.Compare.Engine", "2. Feature\Feature.Compare\Engine\Feature.Compare.Engine\Feature.Compare.Engine.csproj", "{14D861FB-4D62-467E-8416-5661DE8AEB97}"
EndProject
Project("{CAA73BB0-EF22-4D79-A57E-DF67B3BA9C80}") = "Feature.Compare.Tds.Master", "2. Feature\Feature.Compare\Serialisation\Feature.Compare.Tds.Master\Feature.Compare.Tds.Master.scproj", "{A2D6ACBE-0210-43B4-9963-19CB89CF87B0}"
EndProject
Project("{FAE04EC0-301F-11D3-BF4B-00C04F79EFBC}") = "Feature.Compare.Website", "2. Feature\Feature.Compare\Website\Feature.Compare.Website\Feature.Compare.Website.csproj", "{AE17A9F6-7C72-4A17-BF3C-DEDD2C296379}"
EndProject
Global
	GlobalSection(SolutionConfigurationPlatforms) = preSolution
		Debug|Any CPU = Debug|Any CPU
		Release|Any CPU = Release|Any CPU
	EndGlobalSection
	GlobalSection(ProjectConfigurationPlatforms) = postSolution
		{64130C81-FF1E-4B00-8AD9-7B8430C72259}.Debug|Any CPU.ActiveCfg = Debug|Any CPU
		{64130C81-FF1E-4B00-8AD9-7B8430C72259}.Debug|Any CPU.Build.0 = Debug|Any CPU
		{64130C81-FF1E-4B00-8AD9-7B8430C72259}.Release|Any CPU.ActiveCfg = Release|Any CPU
		{64130C81-FF1E-4B00-8AD9-7B8430C72259}.Release|Any CPU.Build.0 = Release|Any CPU
		{0BD61756-92A8-4CFF-A916-6AC7FAC66BF5}.Debug|Any CPU.ActiveCfg = Debug|Any CPU
		{0BD61756-92A8-4CFF-A916-6AC7FAC66BF5}.Debug|Any CPU.Build.0 = Debug|Any CPU
		{0BD61756-92A8-4CFF-A916-6AC7FAC66BF5}.Release|Any CPU.ActiveCfg = Release|Any CPU
		{0BD61756-92A8-4CFF-A916-6AC7FAC66BF5}.Release|Any CPU.Build.0 = Release|Any CPU
		{58C45DFD-BE79-41DA-86CF-AABF861BBDFC}.Debug|Any CPU.ActiveCfg = Debug|Any CPU
		{58C45DFD-BE79-41DA-86CF-AABF861BBDFC}.Debug|Any CPU.Build.0 = Debug|Any CPU
		{58C45DFD-BE79-41DA-86CF-AABF861BBDFC}.Release|Any CPU.ActiveCfg = Release|Any CPU
		{58C45DFD-BE79-41DA-86CF-AABF861BBDFC}.Release|Any CPU.Build.0 = Release|Any CPU
		{30845800-BC54-44FB-8645-AFFB0BA66965}.Debug|Any CPU.ActiveCfg = Debug|Any CPU
		{30845800-BC54-44FB-8645-AFFB0BA66965}.Debug|Any CPU.Build.0 = Debug|Any CPU
		{30845800-BC54-44FB-8645-AFFB0BA66965}.Release|Any CPU.ActiveCfg = Release|Any CPU
		{30845800-BC54-44FB-8645-AFFB0BA66965}.Release|Any CPU.Build.0 = Release|Any CPU
		{F4427B4B-8338-4EFF-AD66-8C097189FACB}.Debug|Any CPU.ActiveCfg = Debug|Any CPU
		{F4427B4B-8338-4EFF-AD66-8C097189FACB}.Debug|Any CPU.Build.0 = Debug|Any CPU
		{F4427B4B-8338-4EFF-AD66-8C097189FACB}.Release|Any CPU.ActiveCfg = Release|Any CPU
		{F4427B4B-8338-4EFF-AD66-8C097189FACB}.Release|Any CPU.Build.0 = Release|Any CPU
		{99ED5D0F-2499-47B6-8BFA-7C6824335D05}.Debug|Any CPU.ActiveCfg = Debug|Any CPU
		{99ED5D0F-2499-47B6-8BFA-7C6824335D05}.Debug|Any CPU.Build.0 = Debug|Any CPU
		{99ED5D0F-2499-47B6-8BFA-7C6824335D05}.Release|Any CPU.ActiveCfg = Release|Any CPU
		{99ED5D0F-2499-47B6-8BFA-7C6824335D05}.Release|Any CPU.Build.0 = Release|Any CPU
		{606E86BD-8E2B-4108-BDB2-947E8E6B1490}.Debug|Any CPU.ActiveCfg = Debug|Any CPU
		{606E86BD-8E2B-4108-BDB2-947E8E6B1490}.Debug|Any CPU.Build.0 = Debug|Any CPU
		{606E86BD-8E2B-4108-BDB2-947E8E6B1490}.Release|Any CPU.ActiveCfg = Release|Any CPU
		{606E86BD-8E2B-4108-BDB2-947E8E6B1490}.Release|Any CPU.Build.0 = Release|Any CPU
		{14D861FB-4D62-467E-8416-5661DE8AEB97}.Debug|Any CPU.ActiveCfg = Debug|Any CPU
		{14D861FB-4D62-467E-8416-5661DE8AEB97}.Debug|Any CPU.Build.0 = Debug|Any CPU
		{14D861FB-4D62-467E-8416-5661DE8AEB97}.Release|Any CPU.ActiveCfg = Release|Any CPU
		{14D861FB-4D62-467E-8416-5661DE8AEB97}.Release|Any CPU.Build.0 = Release|Any CPU
		{A2D6ACBE-0210-43B4-9963-19CB89CF87B0}.Debug|Any CPU.ActiveCfg = Debug|Any CPU
		{A2D6ACBE-0210-43B4-9963-19CB89CF87B0}.Debug|Any CPU.Build.0 = Debug|Any CPU
		{A2D6ACBE-0210-43B4-9963-19CB89CF87B0}.Debug|Any CPU.Deploy.0 = Debug|Any CPU
		{A2D6ACBE-0210-43B4-9963-19CB89CF87B0}.Release|Any CPU.ActiveCfg = Release|Any CPU
		{A2D6ACBE-0210-43B4-9963-19CB89CF87B0}.Release|Any CPU.Build.0 = Release|Any CPU
		{A2D6ACBE-0210-43B4-9963-19CB89CF87B0}.Release|Any CPU.Deploy.0 = Release|Any CPU
		{AE17A9F6-7C72-4A17-BF3C-DEDD2C296379}.Debug|Any CPU.ActiveCfg = Debug|Any CPU
		{AE17A9F6-7C72-4A17-BF3C-DEDD2C296379}.Debug|Any CPU.Build.0 = Debug|Any CPU
		{AE17A9F6-7C72-4A17-BF3C-DEDD2C296379}.Release|Any CPU.ActiveCfg = Release|Any CPU
		{AE17A9F6-7C72-4A17-BF3C-DEDD2C296379}.Release|Any CPU.Build.0 = Release|Any CPU
	EndGlobalSection
	GlobalSection(SolutionProperties) = preSolution
		HideSolutionNode = FALSE
	EndGlobalSection
	GlobalSection(NestedProjects) = preSolution
		{98E7E289-9305-497A-B6A4-F10050336002} = {ABDDD414-A742-4F19-A1F4-06D9D0E07501}
		{B454B22B-73FD-4BA7-8D48-21653C42226D} = {98E7E289-9305-497A-B6A4-F10050336002}
		{5AA9BFF2-9CA0-472F-BBA6-306BDE978318} = {A08B8D71-0A0E-4CE0-887A-3A7776EE435A}
		{27295EFA-C61D-4901-BEDE-DBD3E3ADB992} = {ABDDD414-A742-4F19-A1F4-06D9D0E07501}
		{7CBB3312-D263-4E17-9DBF-1288DF6BC78A} = {98E7E289-9305-497A-B6A4-F10050336002}
		{BBA8E6FB-FD76-49F7-8339-6F69F09E2F1A} = {98E7E289-9305-497A-B6A4-F10050336002}
		{64130C81-FF1E-4B00-8AD9-7B8430C72259} = {5AA9BFF2-9CA0-472F-BBA6-306BDE978318}
		{0BD61756-92A8-4CFF-A916-6AC7FAC66BF5} = {27295EFA-C61D-4901-BEDE-DBD3E3ADB992}
		{58C45DFD-BE79-41DA-86CF-AABF861BBDFC} = {27295EFA-C61D-4901-BEDE-DBD3E3ADB992}
		{30845800-BC54-44FB-8645-AFFB0BA66965} = {27295EFA-C61D-4901-BEDE-DBD3E3ADB992}
		{F4427B4B-8338-4EFF-AD66-8C097189FACB} = {27295EFA-C61D-4901-BEDE-DBD3E3ADB992}
		{BB1F8DD9-410B-4F8F-9323-0B4EFFC3CE79} = {8FECF47C-D23E-4CA4-8AA2-0A5D0EECDA36}
		{99ED5D0F-2499-47B6-8BFA-7C6824335D05} = {BB1F8DD9-410B-4F8F-9323-0B4EFFC3CE79}
		{2EB09870-F6C4-40B8-A2B8-71B8A578A0C8} = {98E7E289-9305-497A-B6A4-F10050336002}
		{606E86BD-8E2B-4108-BDB2-947E8E6B1490} = {2EB09870-F6C4-40B8-A2B8-71B8A578A0C8}
		{14D861FB-4D62-467E-8416-5661DE8AEB97} = {B454B22B-73FD-4BA7-8D48-21653C42226D}
		{A2D6ACBE-0210-43B4-9963-19CB89CF87B0} = {7CBB3312-D263-4E17-9DBF-1288DF6BC78A}
		{AE17A9F6-7C72-4A17-BF3C-DEDD2C296379} = {BBA8E6FB-FD76-49F7-8339-6F69F09E2F1A}
	EndGlobalSection
	GlobalSection(ExtensibilityGlobals) = postSolution
		EnterpriseLibraryConfigurationToolBinariesPathV6 = packages\EnterpriseLibrary.Common.6.0.1304.0\lib\NET45;packages\EnterpriseLibrary.TransientFaultHandling.6.0.1304.0\lib\portable-net45+win+wp8;packages\EnterpriseLibrary.TransientFaultHandling.Caching.6.0.1304.0\lib\NET45;packages\EnterpriseLibrary.TransientFaultHandling.Data.6.0.1304.1\lib\NET45;packages\EnterpriseLibrary.TransientFaultHandling.ServiceBus.6.0.1304.0\lib\NET45;packages\EnterpriseLibrary.TransientFaultHandling.WindowsAzure.Storage.6.0.1304.0\lib\NET45;packages\EnterpriseLibrary.TransientFaultHandling.Configuration.6.0.1304.0\lib\NET45
		SolutionGuid = {AF967BA9-3942-4A64-82E0-ABDD6779EFE4}
	EndGlobalSection
EndGlobal
