
Microsoft Visual Studio Solution File, Format Version 12.00
# Visual Studio 15
VisualStudioVersion = 15.0.27004.2009
MinimumVisualStudioVersion = 10.0.40219.1
Project("{9A19103F-16F7-4668-BE54-9A1E7A4F7556}") = "Sitecore.Commerce.Engine", "Sitecore.Commerce.Engine\Sitecore.Commerce.Engine.csproj", "{6F532789-892B-4D93-95F1-86CF7C8444C4}"
EndProject
Project("{9A19103F-16F7-4668-BE54-9A1E7A4F7556}") = "Plugin.Sample.AdventureWorks", "Plugin.Sample.AdventureWorks\Plugin.Sample.AdventureWorks.csproj", "{A8D5F1AE-3B16-460B-A140-C93C7419E65B}"
EndProject
Project("{9A19103F-16F7-4668-BE54-9A1E7A4F7556}") = "Plugin.Sample.Customers.CsMigration", "Plugin.Sample.Customers.CsMigration\Plugin.Sample.Customers.CsMigration.csproj", "{21620CEA-E491-4AC3-8EE8-A224DAB6F731}"
EndProject
Project("{9A19103F-16F7-4668-BE54-9A1E7A4F7556}") = "Plugin.Sample.Habitat", "Plugin.Sample.Habitat\Plugin.Sample.Habitat.csproj", "{E3F797F7-C5DB-459E-B3A0-AE109E7AE289}"
EndProject
Project("{9A19103F-16F7-4668-BE54-9A1E7A4F7556}") = "Plugin.Sample.Payments.Braintree", "Plugin.Sample.Payments.Braintree\Plugin.Sample.Payments.Braintree.csproj", "{84F75A41-7897-43E8-A0EC-F4116763C77E}"
EndProject
Project("{2150E333-8FDC-42A3-9474-1A3956D46DE8}") = "Solution Items", "Solution Items", "{568C6A8E-A6AC-4A00-BDA0-F8BDA498A365}"
	ProjectSection(SolutionItems) = preProject
		.gitignore = .gitignore
		nuget.config = nuget.config
	EndProjectSection
EndProject
Global
	GlobalSection(SolutionConfigurationPlatforms) = preSolution
		Debug|Any CPU = Debug|Any CPU
		Release|Any CPU = Release|Any CPU
	EndGlobalSection
	GlobalSection(ProjectConfigurationPlatforms) = postSolution
		{6F532789-892B-4D93-95F1-86CF7C8444C4}.Debug|Any CPU.ActiveCfg = Debug|Any CPU
		{6F532789-892B-4D93-95F1-86CF7C8444C4}.Debug|Any CPU.Build.0 = Debug|Any CPU
		{6F532789-892B-4D93-95F1-86CF7C8444C4}.Release|Any CPU.ActiveCfg = Release|Any CPU
		{6F532789-892B-4D93-95F1-86CF7C8444C4}.Release|Any CPU.Build.0 = Release|Any CPU
		{A8D5F1AE-3B16-460B-A140-C93C7419E65B}.Debug|Any CPU.ActiveCfg = Debug|Any CPU
		{A8D5F1AE-3B16-460B-A140-C93C7419E65B}.Debug|Any CPU.Build.0 = Debug|Any CPU
		{A8D5F1AE-3B16-460B-A140-C93C7419E65B}.Release|Any CPU.ActiveCfg = Release|Any CPU
		{A8D5F1AE-3B16-460B-A140-C93C7419E65B}.Release|Any CPU.Build.0 = Release|Any CPU
		{21620CEA-E491-4AC3-8EE8-A224DAB6F731}.Debug|Any CPU.ActiveCfg = Debug|Any CPU
		{21620CEA-E491-4AC3-8EE8-A224DAB6F731}.Debug|Any CPU.Build.0 = Debug|Any CPU
		{21620CEA-E491-4AC3-8EE8-A224DAB6F731}.Release|Any CPU.ActiveCfg = Release|Any CPU
		{21620CEA-E491-4AC3-8EE8-A224DAB6F731}.Release|Any CPU.Build.0 = Release|Any CPU
		{E3F797F7-C5DB-459E-B3A0-AE109E7AE289}.Debug|Any CPU.ActiveCfg = Debug|Any CPU
		{E3F797F7-C5DB-459E-B3A0-AE109E7AE289}.Debug|Any CPU.Build.0 = Debug|Any CPU
		{E3F797F7-C5DB-459E-B3A0-AE109E7AE289}.Release|Any CPU.ActiveCfg = Release|Any CPU
		{E3F797F7-C5DB-459E-B3A0-AE109E7AE289}.Release|Any CPU.Build.0 = Release|Any CPU
		{84F75A41-7897-43E8-A0EC-F4116763C77E}.Debug|Any CPU.ActiveCfg = Debug|Any CPU
		{84F75A41-7897-43E8-A0EC-F4116763C77E}.Debug|Any CPU.Build.0 = Debug|Any CPU
		{84F75A41-7897-43E8-A0EC-F4116763C77E}.Release|Any CPU.ActiveCfg = Release|Any CPU
		{84F75A41-7897-43E8-A0EC-F4116763C77E}.Release|Any CPU.Build.0 = Release|Any CPU
	EndGlobalSection
	GlobalSection(SolutionProperties) = preSolution
		HideSolutionNode = FALSE
	EndGlobalSection
	GlobalSection(ExtensibilityGlobals) = postSolution
		SolutionGuid = {AF967BA9-3942-4A64-82E0-ABDD6779EFE4}
	EndGlobalSection
EndGlobal
